# Code generated by scarb DO NOT EDIT.
version = 1

[[package]]
name = "openzeppelin"
version = "0.18.0"
source = "registry+https://scarbs.xyz/"
checksum = "sha256:878cc6da762e90f0f586f426b16d6c4c087e41de24a9f7b2f5c30b7ac9f96171"
dependencies = [
 "openzeppelin_access",
 "openzeppelin_account",
 "openzeppelin_finance",
 "openzeppelin_governance",
 "openzeppelin_introspection",
 "openzeppelin_merkle_tree",
 "openzeppelin_presets",
 "openzeppelin_security",
 "openzeppelin_token",
 "openzeppelin_upgrades",
 "openzeppelin_utils",
]

[[package]]
name = "openzeppelin_access"
version = "0.18.0"
source = "registry+https://scarbs.xyz/"
checksum = "sha256:424314072ae27d5b6f4264472a5c403711448ea62763a661b89e6ff5f23297fd"
dependencies = [
 "openzeppelin_introspection",
 "openzeppelin_utils",
]

[[package]]
name = "openzeppelin_account"
version = "0.18.0"
source = "registry+https://scarbs.xyz/"
checksum = "sha256:83e6571cac4c67049c8d0ab4e3c7ad146d582d7605e7354248835833e1d26c4a"
dependencies = [
 "openzeppelin_introspection",
 "openzeppelin_utils",
]

[[package]]
name = "openzeppelin_finance"
version = "0.18.0"
source = "registry+https://scarbs.xyz/"
checksum = "sha256:231eb9ff52dc9a5d0708ed14bf091cecf221e8c7a8bc015067d262f52564b2d4"
dependencies = [
 "openzeppelin_access",
 "openzeppelin_token",
]

[[package]]
name = "openzeppelin_governance"
version = "0.18.0"
source = "registry+https://scarbs.xyz/"
checksum = "sha256:88ef4007fb9665971f10a5fd4e8320ca20570808cb2c9ca5d8f7f95805834d5d"
dependencies = [
 "openzeppelin_access",
 "openzeppelin_account",
 "openzeppelin_introspection",
 "openzeppelin_token",
]

[[package]]
name = "openzeppelin_introspection"
version = "0.18.0"
source = "registry+https://scarbs.xyz/"
checksum = "sha256:46c4cc6c95c9baa4c7d5cc0ed2bdaf334f46c25a8c92b3012829fff936e3042b"

[[package]]
name = "openzeppelin_merkle_tree"
version = "0.18.0"
source = "registry+https://scarbs.xyz/"
checksum = "sha256:19b7baac7de27aaf997847c86ab331873dcebcaee74873778256b36f488de192"

[[package]]
name = "openzeppelin_presets"
version = "0.18.0"
source = "registry+https://scarbs.xyz/"
checksum = "sha256:b95723242e7aeba4145b4f259168f751d4886c1a1195d2e0a52e0a0761b6c26d"
dependencies = [
 "openzeppelin_access",
 "openzeppelin_account",
 "openzeppelin_finance",
 "openzeppelin_introspection",
 "openzeppelin_token",
 "openzeppelin_upgrades",
 "openzeppelin_utils",
]

[[package]]
name = "openzeppelin_security"
version = "0.18.0"
source = "registry+https://scarbs.xyz/"
checksum = "sha256:1db3a41e02ed48806587981340ed01ee7d552c3ad52cb33a6d81c1ed5cba9ee0"

[[package]]
name = "openzeppelin_token"
version = "0.18.0"
source = "registry+https://scarbs.xyz/"
checksum = "sha256:eafbe13f6a0487ce212459e25a81ae07f340ba76208ad4616626eb2d25a9625e"
dependencies = [
 "openzeppelin_account",
 "openzeppelin_introspection",
 "openzeppelin_utils",
]

[[package]]
name = "openzeppelin_upgrades"
version = "0.18.0"
source = "registry+https://scarbs.xyz/"
checksum = "sha256:33c9d0865364fc18a5e7b471fe53c3b0f3e0aec56a94f435089638fad2a4a35b"

[[package]]
name = "openzeppelin_utils"
version = "0.18.0"
source = "registry+https://scarbs.xyz/"
checksum = "sha256:725b212839f3eddc32791408609099c5e808c167ca0cf331d8c1d778b07a4e21"

[[package]]
name = "test_project"
version = "0.1.0"
dependencies = [
 "openzeppelin",
]
