{
  "version": "3",
  "redirects": {
    "https://deno.land/std/fmt/colors.ts": "https://deno.land/std@0.224.0/fmt/colors.ts",
    "https://deno.land/std/path/mod.ts": "https://deno.land/std@0.224.0/path/mod.ts",
    "https://esm.sh/crypto-js@^4.2.0/enc-hex?target=denonext": "https://esm.sh/crypto-js@4.2.0/enc-hex?target=denonext",
    "https://esm.sh/crypto-js@^4.2.0/sha1?target=denonext": "https://esm.sh/crypto-js@4.2.0/sha1?target=denonext"
  },
  "remote": {
    "https://deno.land/std@0.224.0/assert/assert.ts": "09d30564c09de846855b7b071e62b5974b001bb72a4b797958fe0660e7849834",
    "https://deno.land/std@0.224.0/assert/assertion_error.ts": "ba8752bd27ebc51f723702fac2f54d3e94447598f54264a6653d6413738a8917",
    "https://deno.land/std@0.224.0/fmt/colors.ts": "508563c0659dd7198ba4bbf87e97f654af3c34eb56ba790260f252ad8012e1c5",
    "https://deno.land/std@0.224.0/path/_common/assert_path.ts": "dbdd757a465b690b2cc72fc5fb7698c51507dec6bfafce4ca500c46b76ff7bd8",
    "https://deno.land/std@0.224.0/path/_common/basename.ts": "569744855bc8445f3a56087fd2aed56bdad39da971a8d92b138c9913aecc5fa2",
    "https://deno.land/std@0.224.0/path/_common/common.ts": "ef73c2860694775fe8ffcbcdd387f9f97c7a656febf0daa8c73b56f4d8a7bd4c",
    "https://deno.land/std@0.224.0/path/_common/constants.ts": "dc5f8057159f4b48cd304eb3027e42f1148cf4df1fb4240774d3492b5d12ac0c",
    "https://deno.land/std@0.224.0/path/_common/dirname.ts": "684df4aa71a04bbcc346c692c8485594fc8a90b9408dfbc26ff32cf3e0c98cc8",
    "https://deno.land/std@0.224.0/path/_common/format.ts": "92500e91ea5de21c97f5fe91e178bae62af524b72d5fcd246d6d60ae4bcada8b",
    "https://deno.land/std@0.224.0/path/_common/from_file_url.ts": "d672bdeebc11bf80e99bf266f886c70963107bdd31134c4e249eef51133ceccf",
    "https://deno.land/std@0.224.0/path/_common/glob_to_reg_exp.ts": "6cac16d5c2dc23af7d66348a7ce430e5de4e70b0eede074bdbcf4903f4374d8d",
    "https://deno.land/std@0.224.0/path/_common/normalize.ts": "684df4aa71a04bbcc346c692c8485594fc8a90b9408dfbc26ff32cf3e0c98cc8",
    "https://deno.land/std@0.224.0/path/_common/normalize_string.ts": "33edef773c2a8e242761f731adeb2bd6d683e9c69e4e3d0092985bede74f4ac3",
    "https://deno.land/std@0.224.0/path/_common/relative.ts": "faa2753d9b32320ed4ada0733261e3357c186e5705678d9dd08b97527deae607",
    "https://deno.land/std@0.224.0/path/_common/strip_trailing_separators.ts": "7024a93447efcdcfeaa9339a98fa63ef9d53de363f1fbe9858970f1bba02655a",
    "https://deno.land/std@0.224.0/path/_common/to_file_url.ts": "7f76adbc83ece1bba173e6e98a27c647712cab773d3f8cbe0398b74afc817883",
    "https://deno.land/std@0.224.0/path/_interface.ts": "8dfeb930ca4a772c458a8c7bbe1e33216fe91c253411338ad80c5b6fa93ddba0",
    "https://deno.land/std@0.224.0/path/_os.ts": "8fb9b90fb6b753bd8c77cfd8a33c2ff6c5f5bc185f50de8ca4ac6a05710b2c15",
    "https://deno.land/std@0.224.0/path/basename.ts": "7ee495c2d1ee516ffff48fb9a93267ba928b5a3486b550be73071bc14f8cc63e",
    "https://deno.land/std@0.224.0/path/common.ts": "03e52e22882402c986fe97ca3b5bb4263c2aa811c515ce84584b23bac4cc2643",
    "https://deno.land/std@0.224.0/path/constants.ts": "0c206169ca104938ede9da48ac952de288f23343304a1c3cb6ec7625e7325f36",
    "https://deno.land/std@0.224.0/path/dirname.ts": "85bd955bf31d62c9aafdd7ff561c4b5fb587d11a9a5a45e2b01aedffa4238a7c",
    "https://deno.land/std@0.224.0/path/extname.ts": "593303db8ae8c865cbd9ceec6e55d4b9ac5410c1e276bfd3131916591b954441",
    "https://deno.land/std@0.224.0/path/format.ts": "6ce1779b0980296cf2bc20d66436b12792102b831fd281ab9eb08fa8a3e6f6ac",
    "https://deno.land/std@0.224.0/path/from_file_url.ts": "911833ae4fd10a1c84f6271f36151ab785955849117dc48c6e43b929504ee069",
    "https://deno.land/std@0.224.0/path/glob_to_regexp.ts": "7f30f0a21439cadfdae1be1bf370880b415e676097fda584a63ce319053b5972",
    "https://deno.land/std@0.224.0/path/is_absolute.ts": "4791afc8bfd0c87f0526eaa616b0d16e7b3ab6a65b62942e50eac68de4ef67d7",
    "https://deno.land/std@0.224.0/path/is_glob.ts": "a65f6195d3058c3050ab905705891b412ff942a292bcbaa1a807a74439a14141",
    "https://deno.land/std@0.224.0/path/join.ts": "ae2ec5ca44c7e84a235fd532e4a0116bfb1f2368b394db1c4fb75e3c0f26a33a",
    "https://deno.land/std@0.224.0/path/join_globs.ts": "5b3bf248b93247194f94fa6947b612ab9d3abd571ca8386cf7789038545e54a0",
    "https://deno.land/std@0.224.0/path/mod.ts": "f6bd79cb08be0e604201bc9de41ac9248582699d1b2ee0ab6bc9190d472cf9cd",
    "https://deno.land/std@0.224.0/path/normalize.ts": "4155743ccceeed319b350c1e62e931600272fad8ad00c417b91df093867a8352",
    "https://deno.land/std@0.224.0/path/normalize_glob.ts": "cc89a77a7d3b1d01053b9dcd59462b75482b11e9068ae6c754b5cf5d794b374f",
    "https://deno.land/std@0.224.0/path/parse.ts": "77ad91dcb235a66c6f504df83087ce2a5471e67d79c402014f6e847389108d5a",
    "https://deno.land/std@0.224.0/path/posix/_util.ts": "1e3937da30f080bfc99fe45d7ed23c47dd8585c5e473b2d771380d3a6937cf9d",
    "https://deno.land/std@0.224.0/path/posix/basename.ts": "d2fa5fbbb1c5a3ab8b9326458a8d4ceac77580961b3739cd5bfd1d3541a3e5f0",
    "https://deno.land/std@0.224.0/path/posix/common.ts": "26f60ccc8b2cac3e1613000c23ac5a7d392715d479e5be413473a37903a2b5d4",
    "https://deno.land/std@0.224.0/path/posix/constants.ts": "93481efb98cdffa4c719c22a0182b994e5a6aed3047e1962f6c2c75b7592bef1",
    "https://deno.land/std@0.224.0/path/posix/dirname.ts": "76cd348ffe92345711409f88d4d8561d8645353ac215c8e9c80140069bf42f00",
    "https://deno.land/std@0.224.0/path/posix/extname.ts": "e398c1d9d1908d3756a7ed94199fcd169e79466dd88feffd2f47ce0abf9d61d2",
    "https://deno.land/std@0.224.0/path/posix/format.ts": "185e9ee2091a42dd39e2a3b8e4925370ee8407572cee1ae52838aed96310c5c1",
    "https://deno.land/std@0.224.0/path/posix/from_file_url.ts": "951aee3a2c46fd0ed488899d024c6352b59154c70552e90885ed0c2ab699bc40",
    "https://deno.land/std@0.224.0/path/posix/glob_to_regexp.ts": "76f012fcdb22c04b633f536c0b9644d100861bea36e9da56a94b9c589a742e8f",
    "https://deno.land/std@0.224.0/path/posix/is_absolute.ts": "cebe561ad0ae294f0ce0365a1879dcfca8abd872821519b4fcc8d8967f888ede",
    "https://deno.land/std@0.224.0/path/posix/is_glob.ts": "8a8b08c08bf731acf2c1232218f1f45a11131bc01de81e5f803450a5914434b9",
    "https://deno.land/std@0.224.0/path/posix/join.ts": "7fc2cb3716aa1b863e990baf30b101d768db479e70b7313b4866a088db016f63",
    "https://deno.land/std@0.224.0/path/posix/join_globs.ts": "a9475b44645feddceb484ee0498e456f4add112e181cb94042cdc6d47d1cdd25",
    "https://deno.land/std@0.224.0/path/posix/mod.ts": "2301fc1c54a28b349e20656f68a85f75befa0ee9b6cd75bfac3da5aca9c3f604",
    "https://deno.land/std@0.224.0/path/posix/normalize.ts": "baeb49816a8299f90a0237d214cef46f00ba3e95c0d2ceb74205a6a584b58a91",
    "https://deno.land/std@0.224.0/path/posix/normalize_glob.ts": "9c87a829b6c0f445d03b3ecadc14492e2864c3ebb966f4cea41e98326e4435c6",
    "https://deno.land/std@0.224.0/path/posix/parse.ts": "09dfad0cae530f93627202f28c1befa78ea6e751f92f478ca2cc3b56be2cbb6a",
    "https://deno.land/std@0.224.0/path/posix/relative.ts": "3907d6eda41f0ff723d336125a1ad4349112cd4d48f693859980314d5b9da31c",
    "https://deno.land/std@0.224.0/path/posix/resolve.ts": "08b699cfeee10cb6857ccab38fa4b2ec703b0ea33e8e69964f29d02a2d5257cf",
    "https://deno.land/std@0.224.0/path/posix/to_file_url.ts": "7aa752ba66a35049e0e4a4be5a0a31ac6b645257d2e031142abb1854de250aaf",
    "https://deno.land/std@0.224.0/path/posix/to_namespaced_path.ts": "28b216b3c76f892a4dca9734ff1cc0045d135532bfd9c435ae4858bfa5a2ebf0",
    "https://deno.land/std@0.224.0/path/relative.ts": "ab739d727180ed8727e34ed71d976912461d98e2b76de3d3de834c1066667add",
    "https://deno.land/std@0.224.0/path/resolve.ts": "a6f977bdb4272e79d8d0ed4333e3d71367cc3926acf15ac271f1d059c8494d8d",
    "https://deno.land/std@0.224.0/path/to_file_url.ts": "88f049b769bce411e2d2db5bd9e6fd9a185a5fbd6b9f5ad8f52bef517c4ece1b",
    "https://deno.land/std@0.224.0/path/to_namespaced_path.ts": "b706a4103b104cfadc09600a5f838c2ba94dbcdb642344557122dda444526e40",
    "https://deno.land/std@0.224.0/path/windows/_util.ts": "d5f47363e5293fced22c984550d5e70e98e266cc3f31769e1710511803d04808",
    "https://deno.land/std@0.224.0/path/windows/basename.ts": "6bbc57bac9df2cec43288c8c5334919418d784243a00bc10de67d392ab36d660",
    "https://deno.land/std@0.224.0/path/windows/common.ts": "26f60ccc8b2cac3e1613000c23ac5a7d392715d479e5be413473a37903a2b5d4",
    "https://deno.land/std@0.224.0/path/windows/constants.ts": "5afaac0a1f67b68b0a380a4ef391bf59feb55856aa8c60dfc01bd3b6abb813f5",
    "https://deno.land/std@0.224.0/path/windows/dirname.ts": "33e421be5a5558a1346a48e74c330b8e560be7424ed7684ea03c12c21b627bc9",
    "https://deno.land/std@0.224.0/path/windows/extname.ts": "165a61b00d781257fda1e9606a48c78b06815385e7d703232548dbfc95346bef",
    "https://deno.land/std@0.224.0/path/windows/format.ts": "bbb5ecf379305b472b1082cd2fdc010e44a0020030414974d6029be9ad52aeb6",
    "https://deno.land/std@0.224.0/path/windows/from_file_url.ts": "ced2d587b6dff18f963f269d745c4a599cf82b0c4007356bd957cb4cb52efc01",
    "https://deno.land/std@0.224.0/path/windows/glob_to_regexp.ts": "e45f1f89bf3fc36f94ab7b3b9d0026729829fabc486c77f414caebef3b7304f8",
    "https://deno.land/std@0.224.0/path/windows/is_absolute.ts": "4a8f6853f8598cf91a835f41abed42112cebab09478b072e4beb00ec81f8ca8a",
    "https://deno.land/std@0.224.0/path/windows/is_glob.ts": "8a8b08c08bf731acf2c1232218f1f45a11131bc01de81e5f803450a5914434b9",
    "https://deno.land/std@0.224.0/path/windows/join.ts": "8d03530ab89195185103b7da9dfc6327af13eabdcd44c7c63e42e27808f50ecf",
    "https://deno.land/std@0.224.0/path/windows/join_globs.ts": "a9475b44645feddceb484ee0498e456f4add112e181cb94042cdc6d47d1cdd25",
    "https://deno.land/std@0.224.0/path/windows/mod.ts": "2301fc1c54a28b349e20656f68a85f75befa0ee9b6cd75bfac3da5aca9c3f604",
    "https://deno.land/std@0.224.0/path/windows/normalize.ts": "78126170ab917f0ca355a9af9e65ad6bfa5be14d574c5fb09bb1920f52577780",
    "https://deno.land/std@0.224.0/path/windows/normalize_glob.ts": "9c87a829b6c0f445d03b3ecadc14492e2864c3ebb966f4cea41e98326e4435c6",
    "https://deno.land/std@0.224.0/path/windows/parse.ts": "08804327b0484d18ab4d6781742bf374976de662f8642e62a67e93346e759707",
    "https://deno.land/std@0.224.0/path/windows/relative.ts": "3e1abc7977ee6cc0db2730d1f9cb38be87b0ce4806759d271a70e4997fc638d7",
    "https://deno.land/std@0.224.0/path/windows/resolve.ts": "8dae1dadfed9d46ff46cc337c9525c0c7d959fb400a6308f34595c45bdca1972",
    "https://deno.land/std@0.224.0/path/windows/to_file_url.ts": "40e560ee4854fe5a3d4d12976cef2f4e8914125c81b11f1108e127934ced502e",
    "https://deno.land/std@0.224.0/path/windows/to_namespaced_path.ts": "4ffa4fb6fae321448d5fe810b3ca741d84df4d7897e61ee29be961a6aac89a4c",
    "https://esm.sh/@upstash/redis@1.25.2": "b9400ffe20e12237188f35ee3658f02e273ecd1abd421106af12f6ea916c81b0",
    "https://esm.sh/@upstash/redis@1.25.2/denonext/redis.mjs": "d8487c833ec520cc90f52b680b172282e91941b937bc9ea879b8347e407833cc",
    "https://esm.sh/crypto-js@4.2.0/denonext/enc-hex.mjs": "d9b57ee9b036cb023e8c87f0063f616405c34f166327e6bc561ce36059eabfa6",
    "https://esm.sh/crypto-js@4.2.0/denonext/sha1.mjs": "7c20a11f45d6390bfd5babfb769457ad42775bca38d140dc497e548a94f7745b",
    "https://esm.sh/crypto-js@4.2.0/enc-hex?target=denonext": "e7bbfb366ad3cbea21a865f646e2dd1109398362c4779291bffb03bb6332310f",
    "https://esm.sh/crypto-js@4.2.0/sha1?target=denonext": "60b6e4ce5897826e9f61dcc2a0cbf11a9431ef81cad376f7f1f2810c615e4e68",
    "https://esm.sh/jszip@3.6.0": "2085fb7d97864c4ce7ded0bba549d64f75bd452e08bf13e63cb2b1b328ee50f7",
    "https://esm.sh/openai@5.13.1": "0ef5984cbbec5b8576ed2f93a37a6bd2af3d44e5b4d57a2a3c9d3db0e255774a",
    "https://esm.sh/openai@5.13.1/denonext/azure.mjs": "a5f84bdea43b3d1441e66403a911493655dfe2bca8633b5f23b56f6ad0447a02",
    "https://esm.sh/openai@5.13.1/denonext/client.mjs": "ef7f5b489fcdfc3e85ddced228a8757f56327b77304391f9353f6b8ca7914996",
    "https://esm.sh/openai@5.13.1/denonext/core/api-promise.mjs": "f2b9f873c0693759d61ac65d3471168d23b385517aa702c49185127e3f336f9d",
    "https://esm.sh/openai@5.13.1/denonext/core/error.mjs": "db7552d1a49e3af9213dc478db1b47ca1213b4ad1a2384fd32d9d6dca90eea16",
    "https://esm.sh/openai@5.13.1/denonext/core/pagination.mjs": "773b932f5a5facfa153fa22c70b2d1e4d454b4b8ab19f7771a822568730770cf",
    "https://esm.sh/openai@5.13.1/denonext/core/resource.mjs": "a08cd4b13a929147617d5c2678cbfccead392ef21217d7ed0a2e13926f7e2d9a",
    "https://esm.sh/openai@5.13.1/denonext/core/streaming.mjs": "89040d5a51c73c3f364fccbd765f142a397e82bec2bd58600e51651436df25b6",
    "https://esm.sh/openai@5.13.1/denonext/core/uploads.mjs": "2d5ec7af9e56b9914b9f5c5096d0d09c0d9ba264d912a79a645d692cccbb39b7",
    "https://esm.sh/openai@5.13.1/denonext/error.mjs": "cd83291ff8b6bc4e9d31b7c2b4ee45db53545612f979db1ab5fac0b7c77e7ae3",
    "https://esm.sh/openai@5.13.1/denonext/internal/errors.mjs": "7efa493ca59d198b9abe1e8d9bd4001ecee8548d46c766060bf77ca78d6493d0",
    "https://esm.sh/openai@5.13.1/denonext/internal/headers.mjs": "2bfe04de2b66bbd94827b1fa21e3747db6ea9181861cbbdbdb1953bc749014d2",
    "https://esm.sh/openai@5.13.1/denonext/internal/parse.mjs": "033ef4f652d5bfe4aa69599fa363e3b163db898baf89ab873090c3016b8c4fdb",
    "https://esm.sh/openai@5.13.1/denonext/internal/shims.mjs": "78d5c4eccf71378816ec4da183529ba8f63ee833e2808e79c9ffabab2a28c595",
    "https://esm.sh/openai@5.13.1/denonext/internal/tslib.mjs": "e7182a864434772816b3d27b742d35130efcff76056dbe28b2b74101c6e09285",
    "https://esm.sh/openai@5.13.1/denonext/internal/uploads.mjs": "2d85efe5f7e0597d8246759d38a79c4cc6663ba09982f700cff376410ef1c0bf",
    "https://esm.sh/openai@5.13.1/denonext/internal/utils.mjs": "672514567bc3da8b1f7cd691116fec9dd60b5ea9e09b4ac6287fef6ce47afa8b",
    "https://esm.sh/openai@5.13.1/denonext/internal/utils/bytes.mjs": "c30b8941a4aa532f38a0b72287f8a6318f86bdbd30c3e7c908567b3e1c8fa805",
    "https://esm.sh/openai@5.13.1/denonext/internal/utils/env.mjs": "078c604a2a55246be7c739ee608b6e6cb70b4491c5382fba721b4497c67f9c8f",
    "https://esm.sh/openai@5.13.1/denonext/internal/utils/log.mjs": "0965efa431861632a667bc2c4d32f41a6f38eb5b66d8269b20bbac492aee0ee9",
    "https://esm.sh/openai@5.13.1/denonext/internal/utils/path.mjs": "714a975f77667499f36a155b30bb52b900f37e4aabb5a99a46a028204a5e0afe",
    "https://esm.sh/openai@5.13.1/denonext/internal/utils/sleep.mjs": "2597885e3620eeef19721533d83c2f1e747bc88e5ae3dc7cd2aa1e0742c9458c",
    "https://esm.sh/openai@5.13.1/denonext/internal/utils/uuid.mjs": "c40e5330d84a5c739383334cc0e26e084bef58f09572735b9f8dd0d434d0770b",
    "https://esm.sh/openai@5.13.1/denonext/internal/utils/values.mjs": "305a4e3bc6b2c6bcc6c3f417004148093a2e035fa8d321b0634c3f12d86427ae",
    "https://esm.sh/openai@5.13.1/denonext/lib/AbstractChatCompletionRunner.mjs": "e2ca6bf5110b8b4b28d1a1d31468cd300368bae400e72a52d0a020854297f44f",
    "https://esm.sh/openai@5.13.1/denonext/lib/EventStream.mjs": "214937b2afc3bc5542b96b1a00060054ff1af3cef36593035a8bf9bc9c781c42",
    "https://esm.sh/openai@5.13.1/denonext/lib/RunnableFunction.mjs": "aef7b3beccc10adb6870659c25669aa4451f03670b163b88d97ee1aa27e7625e",
    "https://esm.sh/openai@5.13.1/denonext/lib/chatCompletionUtils.mjs": "a92757b94fc9b19b688a5acb71b38df7164141e3b54240b4cd79cedea26bcec5",
    "https://esm.sh/openai@5.13.1/denonext/lib/parser.mjs": "3a696f5568b5634b00ce1d91afc7eadf1160612bfa51e0102d8050444ce7d83a",
    "https://esm.sh/openai@5.13.1/denonext/openai.mjs": "ce1bc4e1a91d8f98cb60f5d8e8ec6420a303115d77308573f5989d99df0aeaf7",
    "https://esm.sh/openai@5.13.1/denonext/resources/audio/audio.mjs": "15035939336dc5d7a67619e4ae7e0537dad039e5eb61f302c451d73a0244b0ec",
    "https://esm.sh/openai@5.13.1/denonext/resources/batches.mjs": "0b76a5f8e6804cf9e49e4e7260df7ee94faf2c12735bd77280e63a46f15fe5d9",
    "https://esm.sh/openai@5.13.1/denonext/resources/beta/beta.mjs": "a7a7449874d7fd543314f31106c737178532bb1ba5b78c7b8a046726b2efa062",
    "https://esm.sh/openai@5.13.1/denonext/resources/chat/chat.mjs": "b1bbdfc35994fd5a3d40a7691b1a046d173b7cdccff774062c4a3916aee7e610",
    "https://esm.sh/openai@5.13.1/denonext/resources/chat/completions/index.mjs": "489a67b461a0e7633edf2107dc213bc41d6814053cbec2760f15b454cb78ffc8",
    "https://esm.sh/openai@5.13.1/denonext/resources/completions.mjs": "eb12a46f01c0b12bcf86a08aa114e2116d271aabdd151b776d44d8e78e360ec5",
    "https://esm.sh/openai@5.13.1/denonext/resources/containers/containers.mjs": "0a30f5b2acfa5c6469c7ff4a0857aebd98d631b616440e05d0b7f0422aa97513",
    "https://esm.sh/openai@5.13.1/denonext/resources/embeddings.mjs": "7e472c96e4b2f0d1b1f11577dfaed2fa375ebb13284458583fba97ca7c297fac",
    "https://esm.sh/openai@5.13.1/denonext/resources/evals/evals.mjs": "6e717414ff8dafe8712bda64df50e3533ef1580121470227122d20f45ba4eb47",
    "https://esm.sh/openai@5.13.1/denonext/resources/files.mjs": "0dd7368a1715a004e708aa2c5f8e220d157cc93b80928e5ad8efe6222191bd1f",
    "https://esm.sh/openai@5.13.1/denonext/resources/fine-tuning/fine-tuning.mjs": "bdd625a72c3f5b6da5b91b2ca082c1f6785f8f5c1f8f1b51c1b4c22fc0347cd6",
    "https://esm.sh/openai@5.13.1/denonext/resources/graders/graders.mjs": "2b88c29d8ff51a57b167f01f068c96ee87a6a35e1fb610290f0b8a0455c01c32",
    "https://esm.sh/openai@5.13.1/denonext/resources/images.mjs": "e6c1f3e7f2e3723ffe01cba8e3ab0d520bffd775cfb283f721b1f3fc1c00dd32",
    "https://esm.sh/openai@5.13.1/denonext/resources/index.mjs": "b3d2cf61c18fddf26a39b722fed58ef5a2bcf52957a34711072174ba9de20da6",
    "https://esm.sh/openai@5.13.1/denonext/resources/models.mjs": "39a7e848a14b53bfe5930ec726dc10f2837ffe318e2d25fa2419b63ec80d3651",
    "https://esm.sh/openai@5.13.1/denonext/resources/moderations.mjs": "c9c99b985109090bd7bbb623db0fd20f539a2027bf531ca762830a52dfcbcad0",
    "https://esm.sh/openai@5.13.1/denonext/resources/responses/responses.mjs": "0a091a55c0dcc830a68b91d5741614c180be96687f71c2726d55b805a0764673",
    "https://esm.sh/openai@5.13.1/denonext/resources/uploads/uploads.mjs": "b19b323a36618003ada0b0168b33662f43d67820baf96a6388f3ecc2ccf76a54",
    "https://esm.sh/openai@5.13.1/denonext/resources/vector-stores/vector-stores.mjs": "92dfd761eb4d88bd2ae78ffd2e8d04f6d6067b1e22946f56310e52ac8bbc8518",
    "https://esm.sh/openai@5.13.1/denonext/resources/webhooks.mjs": "20db2401be99bbc5225a4e7c90db2f4e7d5bb7e29700e8041f2244c200a902ed",
    "https://esm.sh/openai@5.13.1/denonext/streaming.mjs": "9eb0a252d1fb6e345b1b1a802b1e98dd61f063b4f4929d9673c9d8dea1c62702",
    "https://esm.sh/openai@5.13.1/denonext/version.mjs": "882faa862a3c0b55f59198719bd3b66cd7d1e0934fe4ce571ff7664b343e7f73",
    "https://esm.sh/openai@5.13.1/lib/ChatCompletionStream.mjs": "5e893f12c80efe27ea3585280237c97dc5f77ff93e13a4b7ff36dc9be945970b"
  },
  "workspace": {
    "packageJson": {
      "dependencies": [
        "npm:@rollup/plugin-alias@^5.0.0",
        "npm:@rollup/plugin-commonjs@^28.0.0",
        "npm:@rollup/plugin-json@^6.0.0",
        "npm:@rollup/plugin-node-resolve@^16.0.0",
        "npm:@rollup/plugin-replace@^6.0.0",
        "npm:@rollup/plugin-typescript@^12.0.0",
        "npm:@types/file-saver@^2.0.1",
        "npm:@types/node@^20.0.0",
        "npm:@types/resize-observer-browser@^0.1.5",
        "npm:@types/semver@^7.5.7",
        "npm:@upstash/redis@1.25.2",
        "npm:autoprefixer@^10.4.2",
        "npm:file-saver@^2.0.5",
        "npm:highlight.js@^11.0.0",
        "npm:highlightjs-cairo@^0.4.0",
        "npm:highlightjs-solidity@^2.0.0",
        "npm:openai@5.13.1",
        "npm:path-browserify@^1.0.1",
        "npm:postcss-load-config@^6.0.0",
        "npm:postcss@^8.2.8",
        "npm:rollup-plugin-livereload@^2.0.0",
        "npm:rollup-plugin-styles@^4.0.0",
        "npm:rollup-plugin-svelte@^7.0.0",
        "npm:rollup-plugin-terser@^7.0.0",
        "npm:rollup@^4.0.0",
        "npm:semver@^7.6.0",
        "npm:sirv-cli@^3.0.0",
        "npm:svelte-check@^3.0.1",
        "npm:svelte-preprocess@^5.0.0",
        "npm:svelte@^3.55.0",
        "npm:tailwindcss@^3.0.15",
        "npm:tippy.js@^6.3.1",
        "npm:tslib@^2.0.0",
        "npm:typescript@^5.0.0",
        "npm:util@^0.12.4"
      ]
    }
  }
}
